
Microsoft Visual Studio Solution File, Format Version 12.00
# Visual Studio 15
VisualStudioVersion = 15.0.27130.2010
MinimumVisualStudioVersion = 10.0.40219.1
Project("{FAE04EC0-301F-11D3-BF4B-00C04F79EFBC}") = "StringInReverse", "StringInReverse\StringInReverse.csproj", "{AD55AC59-7A7F-4561-9A55-8DE973FC61A4}"
EndProject
Global
	GlobalSection(SolutionConfigurationPlatforms) = preSolution
		Debug|Any CPU = Debug|Any CPU
		Release|Any CPU = Release|Any CPU
	EndGlobalSection
	GlobalSection(ProjectConfigurationPlatforms) = postSolution
		{AD55AC59-7A7F-4561-9A55-8DE973FC61A4}.Debug|Any CPU.ActiveCfg = Debug|Any CPU
		{AD55AC59-7A7F-4561-9A55-8DE973FC61A4}.Debug|Any CPU.Build.0 = Debug|Any CPU
		{AD55AC59-7A7F-4561-9A55-8DE973FC61A4}.Release|Any CPU.ActiveCfg = Release|Any CPU
		{AD55AC59-7A7F-4561-9A55-8DE973FC61A4}.Release|Any CPU.Build.0 = Release|Any CPU
	EndGlobalSection
	GlobalSection(SolutionProperties) = preSolution
		HideSolutionNode = FALSE
	EndGlobalSection
	GlobalSection(ExtensibilityGlobals) = postSolution
		SolutionGuid = {EAA0131E-8F48-432A-A541-4C203B389DA9}
	EndGlobalSection
EndGlobal
